
Microsoft Visual Studio Solution File, Format Version 12.00
# Visual Studio Version 16
VisualStudioVersion = 16.0.30717.126
MinimumVisualStudioVersion = 10.0.40219.1
Project("{9A19103F-16F7-4668-BE54-9A1E7A4F7556}") = "LocResEditor", "LocResEditor\LocResEditor.csproj", "{C7D3CBBA-E1B6-47B8-B38B-D90212354E38}"
EndProject
Project("{9A19103F-16F7-4668-BE54-9A1E7A4F7556}") = "LevelModMerger", "LevelModMerger\LevelModMerger.csproj", "{0C48C010-4550-4CCC-9823-BF8949EB2DFB}"
	ProjectSection(ProjectDependencies) = postProject
		{C7D3CBBA-E1B6-47B8-B38B-D90212354E38} = {C7D3CBBA-E1B6-47B8-B38B-D90212354E38}
	EndProjectSection
EndProject
Global
	GlobalSection(SolutionConfigurationPlatforms) = preSolution
		Debug|Any CPU = Debug|Any CPU
		Release|Any CPU = Release|Any CPU
	EndGlobalSection
	GlobalSection(ProjectConfigurationPlatforms) = postSolution
		{C7D3CBBA-E1B6-47B8-B38B-D90212354E38}.Debug|Any CPU.ActiveCfg = Debug|Any CPU
		{C7D3CBBA-E1B6-47B8-B38B-D90212354E38}.Debug|Any CPU.Build.0 = Debug|Any CPU
		{C7D3CBBA-E1B6-47B8-B38B-D90212354E38}.Release|Any CPU.ActiveCfg = Release|Any CPU
		{C7D3CBBA-E1B6-47B8-B38B-D90212354E38}.Release|Any CPU.Build.0 = Release|Any CPU
		{0C48C010-4550-4CCC-9823-BF8949EB2DFB}.Debug|Any CPU.ActiveCfg = Debug|Any CPU
		{0C48C010-4550-4CCC-9823-BF8949EB2DFB}.Debug|Any CPU.Build.0 = Debug|Any CPU
		{0C48C010-4550-4CCC-9823-BF8949EB2DFB}.Release|Any CPU.ActiveCfg = Release|Any CPU
		{0C48C010-4550-4CCC-9823-BF8949EB2DFB}.Release|Any CPU.Build.0 = Release|Any CPU
	EndGlobalSection
	GlobalSection(SolutionProperties) = preSolution
		HideSolutionNode = FALSE
	EndGlobalSection
	GlobalSection(ExtensibilityGlobals) = postSolution
		SolutionGuid = {08CB5765-761A-43D7-B833-42B8888640EB}
	EndGlobalSection
EndGlobal
